// !$*UTF8*$!
{
	archiveVersion = 1;
	classes = {
	};
	objectVersion = 46;
	objects = {

/* Begin PBXBuildFile section */
		534D975F1DDE9A8D00D54BFA /* InsertNewLineBelow.swift in Sources */ = {isa = PBXBuildFile; fileRef = 534D975E1DDE9A8D00D54BFA /* InsertNewLineBelow.swift */; };
		534D97611DDE9E9000D54BFA /* InsertNewLineAbove.swift in Sources */ = {isa = PBXBuildFile; fileRef = 534D97601DDE9E9000D54BFA /* InsertNewLineAbove.swift */; };
		538BEF0B1DCCB231004FC73C /* AppDelegate.swift in Sources */ = {isa = PBXBuildFile; fileRef = 538BEF0A1DCCB231004FC73C /* AppDelegate.swift */; };
		538BEF0D1DCCB231004FC73C /* Assets.xcassets in Resources */ = {isa = PBXBuildFile; fileRef = 538BEF0C1DCCB231004FC73C /* Assets.xcassets */; };
		538BEF101DCCB231004FC73C /* MainMenu.xib in Resources */ = {isa = PBXBuildFile; fileRef = 538BEF0E1DCCB231004FC73C /* MainMenu.xib */; };
		538BEF1E1DCCB284004FC73C /* Cocoa.framework in Frameworks */ = {isa = PBXBuildFile; fileRef = 538BEF1D1DCCB284004FC73C /* Cocoa.framework */; };
		538BEF231DCCB284004FC73C /* SourceEditorExtension.swift in Sources */ = {isa = PBXBuildFile; fileRef = 538BEF221DCCB284004FC73C /* SourceEditorExtension.swift */; };
		538BEF291DCCB284004FC73C /* FBXCodeExtension.appex in Embed App Extensions */ = {isa = PBXBuildFile; fileRef = 538BEF1B1DCCB284004FC73C /* FBXCodeExtension.appex */; settings = {ATTRIBUTES = (RemoveHeadersOnCopy, ); }; };
		53CDD7AF1DD047C400286D56 /* DuplicateLines.swift in Sources */ = {isa = PBXBuildFile; fileRef = 53CDD7AE1DD047C400286D56 /* DuplicateLines.swift */; };
		53CDD7B11DD047FF00286D56 /* DeleteLines.swift in Sources */ = {isa = PBXBuildFile; fileRef = 53CDD7B01DD047FF00286D56 /* DeleteLines.swift */; };
/* End PBXBuildFile section */

/* Begin PBXContainerItemProxy section */
		538BEF271DCCB284004FC73C /* PBXContainerItemProxy */ = {
			isa = PBXContainerItemProxy;
			containerPortal = 538BEEFF1DCCB231004FC73C /* Project object */;
			proxyType = 1;
			remoteGlobalIDString = 538BEF1A1DCCB284004FC73C;
			remoteInfo = FBXCodeExtension;
		};
/* End PBXContainerItemProxy section */

/* Begin PBXCopyFilesBuildPhase section */
		538BEF2D1DCCB284004FC73C /* Embed App Extensions */ = {
			isa = PBXCopyFilesBuildPhase;
			buildActionMask = 2147483647;
			dstPath = "";
			dstSubfolderSpec = 13;
			files = (
				538BEF291DCCB284004FC73C /* FBXCodeExtension.appex in Embed App Extensions */,
			);
			name = "Embed App Extensions";
			runOnlyForDeploymentPostprocessing = 0;
		};
/* End PBXCopyFilesBuildPhase section */

/* Begin PBXFileReference section */
		534D975E1DDE9A8D00D54BFA /* InsertNewLineBelow.swift */ = {isa = PBXFileReference; fileEncoding = 4; lastKnownFileType = sourcecode.swift; path = InsertNewLineBelow.swift; sourceTree = "<group>"; };
		534D97601DDE9E9000D54BFA /* InsertNewLineAbove.swift */ = {isa = PBXFileReference; fileEncoding = 4; lastKnownFileType = sourcecode.swift; path = InsertNewLineAbove.swift; sourceTree = "<group>"; };
		538BEF071DCCB231004FC73C /* FBXCodeExtensionApp.app */ = {isa = PBXFileReference; explicitFileType = wrapper.application; includeInIndex = 0; path = FBXCodeExtensionApp.app; sourceTree = BUILT_PRODUCTS_DIR; };
		538BEF0A1DCCB231004FC73C /* AppDelegate.swift */ = {isa = PBXFileReference; lastKnownFileType = sourcecode.swift; path = AppDelegate.swift; sourceTree = "<group>"; };
		538BEF0C1DCCB231004FC73C /* Assets.xcassets */ = {isa = PBXFileReference; lastKnownFileType = folder.assetcatalog; path = Assets.xcassets; sourceTree = "<group>"; };
		538BEF0F1DCCB231004FC73C /* Base */ = {isa = PBXFileReference; lastKnownFileType = file.xib; name = Base; path = Base.lproj/MainMenu.xib; sourceTree = "<group>"; };
		538BEF111DCCB231004FC73C /* Info.plist */ = {isa = PBXFileReference; lastKnownFileType = text.plist.xml; path = Info.plist; sourceTree = "<group>"; };
		538BEF1B1DCCB284004FC73C /* FBXCodeExtension.appex */ = {isa = PBXFileReference; explicitFileType = "wrapper.app-extension"; includeInIndex = 0; path = FBXCodeExtension.appex; sourceTree = BUILT_PRODUCTS_DIR; };
		538BEF1D1DCCB284004FC73C /* Cocoa.framework */ = {isa = PBXFileReference; lastKnownFileType = wrapper.framework; name = Cocoa.framework; path = System/Library/Frameworks/Cocoa.framework; sourceTree = SDKROOT; };
		538BEF211DCCB284004FC73C /* FBXCodeExtension.entitlements */ = {isa = PBXFileReference; lastKnownFileType = text.plist.entitlements; path = FBXCodeExtension.entitlements; sourceTree = "<group>"; };
		538BEF221DCCB284004FC73C /* SourceEditorExtension.swift */ = {isa = PBXFileReference; lastKnownFileType = sourcecode.swift; path = SourceEditorExtension.swift; sourceTree = "<group>"; };
		538BEF261DCCB284004FC73C /* Info.plist */ = {isa = PBXFileReference; lastKnownFileType = text.plist.xml; path = Info.plist; sourceTree = "<group>"; };
		53CDD7AE1DD047C400286D56 /* DuplicateLines.swift */ = {isa = PBXFileReference; fileEncoding = 4; lastKnownFileType = sourcecode.swift; path = DuplicateLines.swift; sourceTree = "<group>"; };
		53CDD7B01DD047FF00286D56 /* DeleteLines.swift */ = {isa = PBXFileReference; fileEncoding = 4; lastKnownFileType = sourcecode.swift; path = DeleteLines.swift; sourceTree = "<group>"; };
/* End PBXFileReference section */

/* Begin PBXFrameworksBuildPhase section */
		538BEF041DCCB231004FC73C /* Frameworks */ = {
			isa = PBXFrameworksBuildPhase;
			buildActionMask = 2147483647;
			files = (
			);
			runOnlyForDeploymentPostprocessing = 0;
		};
		538BEF181DCCB284004FC73C /* Frameworks */ = {
			isa = PBXFrameworksBuildPhase;
			buildActionMask = 2147483647;
			files = (
				538BEF1E1DCCB284004FC73C /* Cocoa.framework in Frameworks */,
			);
			runOnlyForDeploymentPostprocessing = 0;
		};
/* End PBXFrameworksBuildPhase section */

/* Begin PBXGroup section */
		538BEEFE1DCCB231004FC73C = {
			isa = PBXGroup;
			children = (
				538BEF091DCCB231004FC73C /* FBXCodeExtensionApp */,
				538BEF1F1DCCB284004FC73C /* FBXCodeExtension */,
				538BEF1C1DCCB284004FC73C /* Frameworks */,
				538BEF081DCCB231004FC73C /* Products */,
			);
			sourceTree = "<group>";
		};
		538BEF081DCCB231004FC73C /* Products */ = {
			isa = PBXGroup;
			children = (
				538BEF071DCCB231004FC73C /* FBXCodeExtensionApp.app */,
				538BEF1B1DCCB284004FC73C /* FBXCodeExtension.appex */,
			);
			name = Products;
			sourceTree = "<group>";
		};
		538BEF091DCCB231004FC73C /* FBXCodeExtensionApp */ = {
			isa = PBXGroup;
			children = (
				538BEF0A1DCCB231004FC73C /* AppDelegate.swift */,
				538BEF0C1DCCB231004FC73C /* Assets.xcassets */,
				538BEF0E1DCCB231004FC73C /* MainMenu.xib */,
				538BEF111DCCB231004FC73C /* Info.plist */,
			);
			path = FBXCodeExtensionApp;
			sourceTree = "<group>";
		};
		538BEF1C1DCCB284004FC73C /* Frameworks */ = {
			isa = PBXGroup;
			children = (
				538BEF1D1DCCB284004FC73C /* Cocoa.framework */,
			);
			name = Frameworks;
			sourceTree = "<group>";
		};
		538BEF1F1DCCB284004FC73C /* FBXCodeExtension */ = {
			isa = PBXGroup;
			children = (
				538BEF221DCCB284004FC73C /* SourceEditorExtension.swift */,
				53CDD7B01DD047FF00286D56 /* DeleteLines.swift */,
				53CDD7AE1DD047C400286D56 /* DuplicateLines.swift */,
				534D975E1DDE9A8D00D54BFA /* InsertNewLineBelow.swift */,
				534D97601DDE9E9000D54BFA /* InsertNewLineAbove.swift */,
				538BEF261DCCB284004FC73C /* Info.plist */,
				538BEF201DCCB284004FC73C /* Supporting Files */,
			);
			path = FBXCodeExtension;
			sourceTree = "<group>";
		};
		538BEF201DCCB284004FC73C /* Supporting Files */ = {
			isa = PBXGroup;
			children = (
				538BEF211DCCB284004FC73C /* FBXCodeExtension.entitlements */,
			);
			name = "Supporting Files";
			sourceTree = "<group>";
		};
/* End PBXGroup section */

/* Begin PBXNativeTarget section */
		538BEF061DCCB231004FC73C /* FBXCodeExtensionApp */ = {
			isa = PBXNativeTarget;
			buildConfigurationList = 538BEF141DCCB231004FC73C /* Build configuration list for PBXNativeTarget "FBXCodeExtensionApp" */;
			buildPhases = (
				538BEF031DCCB231004FC73C /* Sources */,
				538BEF041DCCB231004FC73C /* Frameworks */,
				538BEF051DCCB231004FC73C /* Resources */,
				538BEF2D1DCCB284004FC73C /* Embed App Extensions */,
			);
			buildRules = (
			);
			dependencies = (
				538BEF281DCCB284004FC73C /* PBXTargetDependency */,
			);
			name = FBXCodeExtensionApp;
			productName = FBXCodeExtensionApp;
			productReference = 538BEF071DCCB231004FC73C /* FBXCodeExtensionApp.app */;
			productType = "com.apple.product-type.application";
		};
		538BEF1A1DCCB284004FC73C /* FBXCodeExtension */ = {
			isa = PBXNativeTarget;
			buildConfigurationList = 538BEF2A1DCCB284004FC73C /* Build configuration list for PBXNativeTarget "FBXCodeExtension" */;
			buildPhases = (
				538BEF171DCCB284004FC73C /* Sources */,
				538BEF181DCCB284004FC73C /* Frameworks */,
				538BEF191DCCB284004FC73C /* Resources */,
			);
			buildRules = (
			);
			dependencies = (
			);
			name = FBXCodeExtension;
			productName = FBXCodeExtension;
			productReference = 538BEF1B1DCCB284004FC73C /* FBXCodeExtension.appex */;
			productType = "com.apple.product-type.xcode-extension";
		};
/* End PBXNativeTarget section */

/* Begin PBXProject section */
		538BEEFF1DCCB231004FC73C /* Project object */ = {
			isa = PBXProject;
			attributes = {
				LastSwiftUpdateCheck = 0800;
				LastUpgradeCheck = 0800;
				ORGANIZATIONNAME = "Xiang Li";
				TargetAttributes = {
					538BEF061DCCB231004FC73C = {
						CreatedOnToolsVersion = 8.0;
						DevelopmentTeam = L5B4TBT7H9;
						ProvisioningStyle = Automatic;
					};
					538BEF1A1DCCB284004FC73C = {
						CreatedOnToolsVersion = 8.0;
						DevelopmentTeam = L5B4TBT7H9;
						LastSwiftMigration = 0810;
						ProvisioningStyle = Automatic;
					};
				};
			};
			buildConfigurationList = 538BEF021DCCB231004FC73C /* Build configuration list for PBXProject "FBXCodeExtensionApp" */;
			compatibilityVersion = "Xcode 3.2";
			developmentRegion = English;
			hasScannedForEncodings = 0;
			knownRegions = (
				en,
				Base,
			);
			mainGroup = 538BEEFE1DCCB231004FC73C;
			productRefGroup = 538BEF081DCCB231004FC73C /* Products */;
			projectDirPath = "";
			projectRoot = "";
			targets = (
				538BEF061DCCB231004FC73C /* FBXCodeExtensionApp */,
				538BEF1A1DCCB284004FC73C /* FBXCodeExtension */,
			);
		};
/* End PBXProject section */

/* Begin PBXResourcesBuildPhase section */
		538BEF051DCCB231004FC73C /* Resources */ = {
			isa = PBXResourcesBuildPhase;
			buildActionMask = 2147483647;
			files = (
				538BEF0D1DCCB231004FC73C /* Assets.xcassets in Resources */,
				538BEF101DCCB231004FC73C /* MainMenu.xib in Resources */,
			);
			runOnlyForDeploymentPostprocessing = 0;
		};
		538BEF191DCCB284004FC73C /* Resources */ = {
			isa = PBXResourcesBuildPhase;
			buildActionMask = 2147483647;
			files = (
			);
			runOnlyForDeploymentPostprocessing = 0;
		};
/* End PBXResourcesBuildPhase section */

/* Begin PBXSourcesBuildPhase section */
		538BEF031DCCB231004FC73C /* Sources */ = {
			isa = PBXSourcesBuildPhase;
			buildActionMask = 2147483647;
			files = (
				538BEF0B1DCCB231004FC73C /* AppDelegate.swift in Sources */,
			);
			runOnlyForDeploymentPostprocessing = 0;
		};
		538BEF171DCCB284004FC73C /* Sources */ = {
			isa = PBXSourcesBuildPhase;
			buildActionMask = 2147483647;
			files = (
				538BEF231DCCB284004FC73C /* SourceEditorExtension.swift in Sources */,
				53CDD7AF1DD047C400286D56 /* DuplicateLines.swift in Sources */,
				53CDD7B11DD047FF00286D56 /* DeleteLines.swift in Sources */,
				534D97611DDE9E9000D54BFA /* InsertNewLineAbove.swift in Sources */,
				534D975F1DDE9A8D00D54BFA /* InsertNewLineBelow.swift in Sources */,
			);
			runOnlyForDeploymentPostprocessing = 0;
		};
/* End PBXSourcesBuildPhase section */

/* Begin PBXTargetDependency section */
		538BEF281DCCB284004FC73C /* PBXTargetDependency */ = {
			isa = PBXTargetDependency;
			target = 538BEF1A1DCCB284004FC73C /* FBXCodeExtension */;
			targetProxy = 538BEF271DCCB284004FC73C /* PBXContainerItemProxy */;
		};
/* End PBXTargetDependency section */

/* Begin PBXVariantGroup section */
		538BEF0E1DCCB231004FC73C /* MainMenu.xib */ = {
			isa = PBXVariantGroup;
			children = (
				538BEF0F1DCCB231004FC73C /* Base */,
			);
			name = MainMenu.xib;
			sourceTree = "<group>";
		};
/* End PBXVariantGroup section */

/* Begin XCBuildConfiguration section */
		538BEF121DCCB231004FC73C /* Debug */ = {
			isa = XCBuildConfiguration;
			buildSettings = {
				ALWAYS_SEARCH_USER_PATHS = NO;
				CLANG_ANALYZER_NONNULL = YES;
				CLANG_CXX_LANGUAGE_STANDARD = "gnu++0x";
				CLANG_CXX_LIBRARY = "libc++";
				CLANG_ENABLE_MODULES = YES;
				CLANG_ENABLE_OBJC_ARC = YES;
				CLANG_WARN_BOOL_CONVERSION = YES;
				CLANG_WARN_CONSTANT_CONVERSION = YES;
				CLANG_WARN_DIRECT_OBJC_ISA_USAGE = YES_ERROR;
				CLANG_WARN_DOCUMENTATION_COMMENTS = YES;
				CLANG_WARN_EMPTY_BODY = YES;
				CLANG_WARN_ENUM_CONVERSION = YES;
				CLANG_WARN_INFINITE_RECURSION = YES;
				CLANG_WARN_INT_CONVERSION = YES;
				CLANG_WARN_OBJC_ROOT_CLASS = YES_ERROR;
				CLANG_WARN_SUSPICIOUS_MOVES = YES;
				CLANG_WARN_UNREACHABLE_CODE = YES;
				CLANG_WARN__DUPLICATE_METHOD_MATCH = YES;
				CODE_SIGN_IDENTITY = "-";
				COPY_PHASE_STRIP = NO;
				DEBUG_INFORMATION_FORMAT = dwarf;
				ENABLE_STRICT_OBJC_MSGSEND = YES;
				ENABLE_TESTABILITY = YES;
				GCC_C_LANGUAGE_STANDARD = gnu99;
				GCC_DYNAMIC_NO_PIC = NO;
				GCC_NO_COMMON_BLOCKS = YES;
				GCC_OPTIMIZATION_LEVEL = 0;
				GCC_PREPROCESSOR_DEFINITIONS = (
					"DEBUG=1",
					"$(inherited)",
				);
				GCC_WARN_64_TO_32_BIT_CONVERSION = YES;
				GCC_WARN_ABOUT_RETURN_TYPE = YES_ERROR;
				GCC_WARN_UNDECLARED_SELECTOR = YES;
				GCC_WARN_UNINITIALIZED_AUTOS = YES_AGGRESSIVE;
				GCC_WARN_UNUSED_FUNCTION = YES;
				GCC_WARN_UNUSED_VARIABLE = YES;
				MACOSX_DEPLOYMENT_TARGET = 10.12;
				MTL_ENABLE_DEBUG_INFO = YES;
				ONLY_ACTIVE_ARCH = YES;
				SDKROOT = macosx;
				SWIFT_ACTIVE_COMPILATION_CONDITIONS = DEBUG;
				SWIFT_OPTIMIZATION_LEVEL = "-Onone";
			};
			name = Debug;
		};
		538BEF131DCCB231004FC73C /* Release */ = {
			isa = XCBuildConfiguration;
			buildSettings = {
				ALWAYS_SEARCH_USER_PATHS = NO;
				CLANG_ANALYZER_NONNULL = YES;
				CLANG_CXX_LANGUAGE_STANDARD = "gnu++0x";
				CLANG_CXX_LIBRARY = "libc++";
				CLANG_ENABLE_MODULES = YES;
				CLANG_ENABLE_OBJC_ARC = YES;
				CLANG_WARN_BOOL_CONVERSION = YES;
				CLANG_WARN_CONSTANT_CONVERSION = YES;
				CLANG_WARN_DIRECT_OBJC_ISA_USAGE = YES_ERROR;
				CLANG_WARN_DOCUMENTATION_COMMENTS = YES;
				CLANG_WARN_EMPTY_BODY = YES;
				CLANG_WARN_ENUM_CONVERSION = YES;
				CLANG_WARN_INFINITE_RECURSION = YES;
				CLANG_WARN_INT_CONVERSION = YES;
				CLANG_WARN_OBJC_ROOT_CLASS = YES_ERROR;
				CLANG_WARN_SUSPICIOUS_MOVES = YES;
				CLANG_WARN_UNREACHABLE_CODE = YES;
				CLANG_WARN__DUPLICATE_METHOD_MATCH = YES;
				CODE_SIGN_IDENTITY = "-";
				COPY_PHASE_STRIP = NO;
				DEBUG_INFORMATION_FORMAT = "dwarf-with-dsym";
				ENABLE_NS_ASSERTIONS = NO;
				ENABLE_STRICT_OBJC_MSGSEND = YES;
				GCC_C_LANGUAGE_STANDARD = gnu99;
				GCC_NO_COMMON_BLOCKS = YES;
				GCC_WARN_64_TO_32_BIT_CONVERSION = YES;
				GCC_WARN_ABOUT_RETURN_TYPE = YES_ERROR;
				GCC_WARN_UNDECLARED_SELECTOR = YES;
				GCC_WARN_UNINITIALIZED_AUTOS = YES_AGGRESSIVE;
				GCC_WARN_UNUSED_FUNCTION = YES;
				GCC_WARN_UNUSED_VARIABLE = YES;
				MACOSX_DEPLOYMENT_TARGET = 10.12;
				MTL_ENABLE_DEBUG_INFO = NO;
				SDKROOT = macosx;
				SWIFT_OPTIMIZATION_LEVEL = "-Owholemodule";
			};
			name = Release;
		};
		538BEF151DCCB231004FC73C /* Debug */ = {
			isa = XCBuildConfiguration;
			buildSettings = {
				ALWAYS_EMBED_SWIFT_STANDARD_LIBRARIES = YES;
				ASSETCATALOG_COMPILER_APPICON_NAME = AppIcon;
				CODE_SIGN_IDENTITY = "Mac Developer";
				COMBINE_HIDPI_IMAGES = YES;
				DEVELOPMENT_TEAM = L5B4TBT7H9;
				INFOPLIST_FILE = FBXCodeExtensionApp/Info.plist;
				LD_RUNPATH_SEARCH_PATHS = "$(inherited) @executable_path/../Frameworks";
				PRODUCT_BUNDLE_IDENTIFIER = "FB-Corp..FBXCodeExtensionApp";
				PRODUCT_NAME = "$(TARGET_NAME)";
				SWIFT_VERSION = 3.0;
			};
			name = Debug;
		};
		538BEF161DCCB231004FC73C /* Release */ = {
			isa = XCBuildConfiguration;
			buildSettings = {
				ALWAYS_EMBED_SWIFT_STANDARD_LIBRARIES = YES;
				ASSETCATALOG_COMPILER_APPICON_NAME = AppIcon;
				CODE_SIGN_IDENTITY = "Mac Developer";
				COMBINE_HIDPI_IMAGES = YES;
				DEVELOPMENT_TEAM = L5B4TBT7H9;
				INFOPLIST_FILE = FBXCodeExtensionApp/Info.plist;
				LD_RUNPATH_SEARCH_PATHS = "$(inherited) @executable_path/../Frameworks";
				PRODUCT_BUNDLE_IDENTIFIER = "FB-Corp..FBXCodeExtensionApp";
				PRODUCT_NAME = "$(TARGET_NAME)";
				SWIFT_VERSION = 3.0;
			};
			name = Release;
		};
		538BEF2B1DCCB284004FC73C /* Debug */ = {
			isa = XCBuildConfiguration;
			buildSettings = {
				CLANG_ENABLE_MODULES = YES;
				CODE_SIGN_ENTITLEMENTS = FBXCodeExtension/FBXCodeExtension.entitlements;
				CODE_SIGN_IDENTITY = "Mac Developer";
				COMBINE_HIDPI_IMAGES = YES;
				DEVELOPMENT_TEAM = L5B4TBT7H9;
				INFOPLIST_FILE = FBXCodeExtension/Info.plist;
				LD_RUNPATH_SEARCH_PATHS = "$(inherited) @executable_path/../Frameworks @executable_path/../../../../Frameworks";
				MACOSX_DEPLOYMENT_TARGET = 10.11;
				PRODUCT_BUNDLE_IDENTIFIER = "FB-Corp..FBXCodeExtensionApp.FBXCodeExtension";
				PRODUCT_NAME = "$(TARGET_NAME)";
				SKIP_INSTALL = YES;
				SWIFT_OPTIMIZATION_LEVEL = "-Onone";
				SWIFT_VERSION = 3.0;
			};
			name = Debug;
		};
		538BEF2C1DCCB284004FC73C /* Release */ = {
			isa = XCBuildConfiguration;
			buildSettings = {
				CLANG_ENABLE_MODULES = YES;
				CODE_SIGN_ENTITLEMENTS = FBXCodeExtension/FBXCodeExtension.entitlements;
				CODE_SIGN_IDENTITY = "Mac Developer";
				COMBINE_HIDPI_IMAGES = YES;
				DEVELOPMENT_TEAM = L5B4TBT7H9;
				INFOPLIST_FILE = FBXCodeExtension/Info.plist;
				LD_RUNPATH_SEARCH_PATHS = "$(inherited) @executable_path/../Frameworks @executable_path/../../../../Frameworks";
				MACOSX_DEPLOYMENT_TARGET = 10.11;
				PRODUCT_BUNDLE_IDENTIFIER = "FB-Corp..FBXCodeExtensionApp.FBXCodeExtension";
				PRODUCT_NAME = "$(TARGET_NAME)";
				SKIP_INSTALL = YES;
				SWIFT_VERSION = 3.0;
			};
			name = Release;
		};
/* End XCBuildConfiguration section */

/* Begin XCConfigurationList section */
		538BEF021DCCB231004FC73C /* Build configuration list for PBXProject "FBXCodeExtensionApp" */ = {
			isa = XCConfigurationList;
			buildConfigurations = (
				538BEF121DCCB231004FC73C /* Debug */,
				538BEF131DCCB231004FC73C /* Release */,
			);
			defaultConfigurationIsVisible = 0;
			defaultConfigurationName = Release;
		};
		538BEF141DCCB231004FC73C /* Build configuration list for PBXNativeTarget "FBXCodeExtensionApp" */ = {
			isa = XCConfigurationList;
			buildConfigurations = (
				538BEF151DCCB231004FC73C /* Debug */,
				538BEF161DCCB231004FC73C /* Release */,
			);
			defaultConfigurationIsVisible = 0;
			defaultConfigurationName = Release;
		};
		538BEF2A1DCCB284004FC73C /* Build configuration list for PBXNativeTarget "FBXCodeExtension" */ = {
			isa = XCConfigurationList;
			buildConfigurations = (
				538BEF2B1DCCB284004FC73C /* Debug */,
				538BEF2C1DCCB284004FC73C /* Release */,
			);
			defaultConfigurationIsVisible = 0;
			defaultConfigurationName = Release;
		};
/* End XCConfigurationList section */
	};
	rootObject = 538BEEFF1DCCB231004FC73C /* Project object */;
}
